{
  "nodes": {
    "chobble-template": {
      "inputs": {
        "nixpkgs": [
          "nixpkgs"
        ]
      },
      "locked": {
        "lastModified": 1744062209,
        "narHash": "sha256-pmudFKy0ghGYA81hVWgs2SXnPyWijJziqFx/q0dBG3g=",
        "ref": "refs/heads/main",
        "rev": "1a08aa0ae6b186a66fe49fa4769b3d6f67ef96c8",
        "revCount": 153,
        "type": "git",
        "url": "https://git.chobble.com/chobble/chobble-template.git"
      },
      "original": {
        "type": "git",
        "url": "https://git.chobble.com/chobble/chobble-template.git"
      }
    },
    "nixpkgs": {
      "locked": {
        "lastModified": 0,
        "narHash": "sha256-BgkBz4NpV6Kg8XF7cmHDHRVGZYnKbvG0Y4p+jElwxaM=",
        "path": "/nix/store/v79jbgwmxgiy8m01rhmj4yzn5y507z2c-source",
        "type": "path"
      },
      "original": {
        "id": "nixpkgs",
        "type": "indirect"
      }
    },
    "root": {
      "inputs": {
        "chobble-template": "chobble-template",
        "nixpkgs": "nixpkgs"
      }
    }
  },
  "root": "root",
  "version": 7
}
