{
  "nodes": {
    "chobble-template": {
      "inputs": {
        "nixpkgs": [
          "nixpkgs"
        ]
      },
      "locked": {
        "lastModified": 1743863963,
        "narHash": "sha256-sNtbDHwPmnyWtEkWoix705NWwmuAOS4v+y7w+WHTGuE=",
        "ref": "refs/heads/main",
        "rev": "4ec120dcefefba20dd0f6c6e2a2eb95492ef27a5",
        "revCount": 126,
        "type": "git",
        "url": "https://git.chobble.com/chobble/chobble-template.git"
      },
      "original": {
        "type": "git",
        "url": "https://git.chobble.com/chobble/chobble-template.git"
      }
    },
    "nixpkgs": {
      "locked": {
        "lastModified": 0,
        "narHash": "sha256-tpJsHMUPEhEnzySoQxx7+kA+KUtgWqvlcUBqROYNNt0=",
        "path": "/nix/store/hc0s89bfk3j52scsq7vs7j7bx73ppp6b-source",
        "type": "path"
      },
      "original": {
        "id": "nixpkgs",
        "type": "indirect"
      }
    },
    "root": {
      "inputs": {
        "chobble-template": "chobble-template",
        "nixpkgs": "nixpkgs"
      }
    }
  },
  "root": "root",
  "version": 7
}
