{
  "nodes": {
    "chobble-template": {
      "inputs": {
        "nixpkgs": [
          "nixpkgs"
        ]
      },
      "locked": {
        "lastModified": 1743891194,
        "narHash": "sha256-gBshpLkHeDghiWbPYqp4xksRAIs9F2OEWJ3sLZxJFHE=",
        "ref": "refs/heads/main",
        "rev": "1a7c8ab9643d1c8eab74d5daaebbe06480262cf4",
        "revCount": 133,
        "type": "git",
        "url": "https://git.chobble.com/chobble/chobble-template.git"
      },
      "original": {
        "type": "git",
        "url": "https://git.chobble.com/chobble/chobble-template.git"
      }
    },
    "nixpkgs": {
      "locked": {
        "lastModified": 0,
        "narHash": "sha256-s1KLDALEeqy+ttrvqV3jx9mBZEvmthQErTVOAzbjHZs=",
        "path": "/nix/store/hvs4if4zly4mp0fhbh86vh208x6fs8fg-source",
        "type": "path"
      },
      "original": {
        "id": "nixpkgs",
        "type": "indirect"
      }
    },
    "root": {
      "inputs": {
        "chobble-template": "chobble-template",
        "nixpkgs": "nixpkgs"
      }
    }
  },
  "root": "root",
  "version": 7
}
